// !$*UTF8*$!
{
	archiveVersion = 1;
	classes = {
	};
	objectVersion = 45;
	objects = {

/* Begin PBXBuildFile section */
		1D3623260D0F684500981E51 /* iScannerAppDelegate.m in Sources */ = {isa = PBXBuildFile; fileRef = 1D3623250D0F684500981E51 /* iScannerAppDelegate.m */; };
		1D60589B0D05DD56006BFB54 /* main.m in Sources */ = {isa = PBXBuildFile; fileRef = 29B97316FDCFA39411CA2CEA /* main.m */; };
		1D60589F0D05DD5A006BFB54 /* Foundation.framework in Frameworks */ = {isa = PBXBuildFile; fileRef = 1D30AB110D05D00D00671497 /* Foundation.framework */; };
		1DF5F4E00D08C38300B7A737 /* UIKit.framework in Frameworks */ = {isa = PBXBuildFile; fileRef = 1DF5F4DF0D08C38300B7A737 /* UIKit.framework */; };
		2892E4100DC94CBA00A64D0F /* CoreGraphics.framework in Frameworks */ = {isa = PBXBuildFile; fileRef = 2892E40F0DC94CBA00A64D0F /* CoreGraphics.framework */; };
		28C286E10D94DF7D0034E888 /* RootViewController.m in Sources */ = {isa = PBXBuildFile; fileRef = 28C286E00D94DF7D0034E888 /* RootViewController.m */; };
		ED212A9F111EF73500BC4FBD /* QuartzCore.framework in Frameworks */ = {isa = PBXBuildFile; fileRef = ED212A9E111EF73500BC4FBD /* QuartzCore.framework */; };
		ED212CA81120523300BC4FBD /* 10_cut_radial.png in Resources */ = {isa = PBXBuildFile; fileRef = ED212C9F1120523300BC4FBD /* 10_cut_radial.png */; };
		ED212CA91120523300BC4FBD /* 10_cut_static.png in Resources */ = {isa = PBXBuildFile; fileRef = ED212CA01120523300BC4FBD /* 10_cut_static.png */; };
		ED212CAA1120523300BC4FBD /* 5_cut_radial.png in Resources */ = {isa = PBXBuildFile; fileRef = ED212CA11120523300BC4FBD /* 5_cut_radial.png */; };
		ED212CAB1120523300BC4FBD /* 5_cut_static.png in Resources */ = {isa = PBXBuildFile; fileRef = ED212CA21120523300BC4FBD /* 5_cut_static.png */; };
		ED212CAC1120523300BC4FBD /* A.png in Resources */ = {isa = PBXBuildFile; fileRef = ED212CA31120523300BC4FBD /* A.png */; };
		ED212CAD1120523300BC4FBD /* A_m.png in Resources */ = {isa = PBXBuildFile; fileRef = ED212CA41120523300BC4FBD /* A_m.png */; };
		ED212CAE1120523300BC4FBD /* inf.png in Resources */ = {isa = PBXBuildFile; fileRef = ED212CA51120523300BC4FBD /* inf.png */; };
		ED212CAF1120523300BC4FBD /* V.png in Resources */ = {isa = PBXBuildFile; fileRef = ED212CA61120523300BC4FBD /* V.png */; };
		ED212CB01120523300BC4FBD /* Z.png in Resources */ = {isa = PBXBuildFile; fileRef = ED212CA71120523300BC4FBD /* Z.png */; };
		ED212CB21120524B00BC4FBD /* cut_sector.png in Resources */ = {isa = PBXBuildFile; fileRef = ED212CB11120524B00BC4FBD /* cut_sector.png */; };
		ED212CBD1120525600BC4FBD /* BasicLevelPack.plist in Resources */ = {isa = PBXBuildFile; fileRef = ED212CB41120525600BC4FBD /* BasicLevelPack.plist */; };
		ED212CBE1120525600BC4FBD /* Levels.plist in Resources */ = {isa = PBXBuildFile; fileRef = ED212CB61120525600BC4FBD /* Levels.plist */; };
		ED212CBF1120525600BC4FBD /* MainWindow.xib in Resources */ = {isa = PBXBuildFile; fileRef = ED212CB81120525600BC4FBD /* MainWindow.xib */; };
		ED212CC01120525600BC4FBD /* RootViewController.xib in Resources */ = {isa = PBXBuildFile; fileRef = ED212CB91120525600BC4FBD /* RootViewController.xib */; };
		ED212CC11120525600BC4FBD /* ScanViewController.xib in Resources */ = {isa = PBXBuildFile; fileRef = ED212CBC1120525600BC4FBD /* ScanViewController.xib */; };
		ED212CC41120526600BC4FBD /* PListReader.m in Sources */ = {isa = PBXBuildFile; fileRef = ED212CC31120526600BC4FBD /* PListReader.m */; };
		ED212F3E1121786500BC4FBD /* CutView.m in Sources */ = {isa = PBXBuildFile; fileRef = ED212F3D1121786500BC4FBD /* CutView.m */; };
		ED5D006811186288001AB944 /* ScanViewController.m in Sources */ = {isa = PBXBuildFile; fileRef = ED5D006611186288001AB944 /* ScanViewController.m */; };
		ED5D01521119B437001AB944 /* Level.m in Sources */ = {isa = PBXBuildFile; fileRef = ED5D01511119B437001AB944 /* Level.m */; };
		ED5D01661119BBBD001AB944 /* TouchView.m in Sources */ = {isa = PBXBuildFile; fileRef = ED5D01651119BBBD001AB944 /* TouchView.m */; };
/* End PBXBuildFile section */

/* Begin PBXFileReference section */
		1D30AB110D05D00D00671497 /* Foundation.framework */ = {isa = PBXFileReference; lastKnownFileType = wrapper.framework; name = Foundation.framework; path = System/Library/Frameworks/Foundation.framework; sourceTree = SDKROOT; };
		1D3623240D0F684500981E51 /* iScannerAppDelegate.h */ = {isa = PBXFileReference; fileEncoding = 4; lastKnownFileType = sourcecode.c.h; path = iScannerAppDelegate.h; sourceTree = "<group>"; };
		1D3623250D0F684500981E51 /* iScannerAppDelegate.m */ = {isa = PBXFileReference; fileEncoding = 4; lastKnownFileType = sourcecode.c.objc; path = iScannerAppDelegate.m; sourceTree = "<group>"; };
		1D6058910D05DD3D006BFB54 /* iScanner.app */ = {isa = PBXFileReference; explicitFileType = wrapper.application; includeInIndex = 0; path = iScanner.app; sourceTree = BUILT_PRODUCTS_DIR; };
		1DF5F4DF0D08C38300B7A737 /* UIKit.framework */ = {isa = PBXFileReference; lastKnownFileType = wrapper.framework; name = UIKit.framework; path = System/Library/Frameworks/UIKit.framework; sourceTree = SDKROOT; };
		2892E40F0DC94CBA00A64D0F /* CoreGraphics.framework */ = {isa = PBXFileReference; lastKnownFileType = wrapper.framework; name = CoreGraphics.framework; path = System/Library/Frameworks/CoreGraphics.framework; sourceTree = SDKROOT; };
		28A0AAE50D9B0CCF005BE974 /* iScanner_Prefix.pch */ = {isa = PBXFileReference; fileEncoding = 4; lastKnownFileType = sourcecode.c.h; path = iScanner_Prefix.pch; sourceTree = "<group>"; };
		28C286DF0D94DF7D0034E888 /* RootViewController.h */ = {isa = PBXFileReference; fileEncoding = 4; lastKnownFileType = sourcecode.c.h; path = RootViewController.h; sourceTree = "<group>"; };
		28C286E00D94DF7D0034E888 /* RootViewController.m */ = {isa = PBXFileReference; fileEncoding = 4; lastKnownFileType = sourcecode.c.objc; path = RootViewController.m; sourceTree = "<group>"; };
		29B97316FDCFA39411CA2CEA /* main.m */ = {isa = PBXFileReference; fileEncoding = 4; lastKnownFileType = sourcecode.c.objc; path = main.m; sourceTree = "<group>"; };
		8D1107310486CEB800E47090 /* iScanner-Info.plist */ = {isa = PBXFileReference; fileEncoding = 4; lastKnownFileType = text.plist.xml; path = "iScanner-Info.plist"; plistStructureDefinitionIdentifier = "com.apple.xcode.plist.structure-definition.iphone.info-plist"; sourceTree = "<group>"; };
		ED212A9E111EF73500BC4FBD /* QuartzCore.framework */ = {isa = PBXFileReference; lastKnownFileType = wrapper.framework; name = QuartzCore.framework; path = System/Library/Frameworks/QuartzCore.framework; sourceTree = SDKROOT; };
		ED212C9F1120523300BC4FBD /* 10_cut_radial.png */ = {isa = PBXFileReference; lastKnownFileType = image.png; path = 10_cut_radial.png; sourceTree = "<group>"; };
		ED212CA01120523300BC4FBD /* 10_cut_static.png */ = {isa = PBXFileReference; lastKnownFileType = image.png; path = 10_cut_static.png; sourceTree = "<group>"; };
		ED212CA11120523300BC4FBD /* 5_cut_radial.png */ = {isa = PBXFileReference; lastKnownFileType = image.png; path = 5_cut_radial.png; sourceTree = "<group>"; };
		ED212CA21120523300BC4FBD /* 5_cut_static.png */ = {isa = PBXFileReference; lastKnownFileType = image.png; path = 5_cut_static.png; sourceTree = "<group>"; };
		ED212CA31120523300BC4FBD /* A.png */ = {isa = PBXFileReference; lastKnownFileType = image.png; path = A.png; sourceTree = "<group>"; };
		ED212CA41120523300BC4FBD /* A_m.png */ = {isa = PBXFileReference; lastKnownFileType = image.png; path = A_m.png; sourceTree = "<group>"; };
		ED212CA51120523300BC4FBD /* inf.png */ = {isa = PBXFileReference; lastKnownFileType = image.png; path = inf.png; sourceTree = "<group>"; };
		ED212CA61120523300BC4FBD /* V.png */ = {isa = PBXFileReference; lastKnownFileType = image.png; path = V.png; sourceTree = "<group>"; };
		ED212CA71120523300BC4FBD /* Z.png */ = {isa = PBXFileReference; lastKnownFileType = image.png; path = Z.png; sourceTree = "<group>"; };
		ED212CB11120524B00BC4FBD /* cut_sector.png */ = {isa = PBXFileReference; lastKnownFileType = image.png; path = cut_sector.png; sourceTree = "<group>"; };
		ED212CB51120525600BC4FBD /* en */ = {isa = PBXFileReference; fileEncoding = 4; lastKnownFileType = text.plist.xml; name = en; path = en.lproj/BasicLevelPack.plist; sourceTree = "<group>"; };
		ED212CB71120525600BC4FBD /* en */ = {isa = PBXFileReference; fileEncoding = 4; lastKnownFileType = text.plist.xml; name = en; path = en.lproj/Levels.plist; sourceTree = "<group>"; };
		ED212CB81120525600BC4FBD /* MainWindow.xib */ = {isa = PBXFileReference; lastKnownFileType = file.xib; path = MainWindow.xib; sourceTree = "<group>"; };
		ED212CB91120525600BC4FBD /* RootViewController.xib */ = {isa = PBXFileReference; lastKnownFileType = file.xib; path = RootViewController.xib; sourceTree = "<group>"; };
		ED212CBA1120525600BC4FBD /* ru */ = {isa = PBXFileReference; fileEncoding = 4; lastKnownFileType = text.plist.xml; name = ru; path = ru.lproj/BasicLevelPack.plist; sourceTree = "<group>"; };
		ED212CBB1120525600BC4FBD /* ru */ = {isa = PBXFileReference; fileEncoding = 4; lastKnownFileType = text.plist.xml; name = ru; path = ru.lproj/Levels.plist; sourceTree = "<group>"; };
		ED212CBC1120525600BC4FBD /* ScanViewController.xib */ = {isa = PBXFileReference; lastKnownFileType = file.xib; path = ScanViewController.xib; sourceTree = "<group>"; };
		ED212CC21120526600BC4FBD /* PListReader.h */ = {isa = PBXFileReference; fileEncoding = 4; lastKnownFileType = sourcecode.c.h; path = PListReader.h; sourceTree = "<group>"; };
		ED212CC31120526600BC4FBD /* PListReader.m */ = {isa = PBXFileReference; fileEncoding = 4; lastKnownFileType = sourcecode.c.objc; path = PListReader.m; sourceTree = "<group>"; };
		ED212F3C1121786500BC4FBD /* CutView.h */ = {isa = PBXFileReference; fileEncoding = 4; lastKnownFileType = sourcecode.c.h; path = CutView.h; sourceTree = "<group>"; };
		ED212F3D1121786500BC4FBD /* CutView.m */ = {isa = PBXFileReference; fileEncoding = 4; lastKnownFileType = sourcecode.c.objc; path = CutView.m; sourceTree = "<group>"; };
		ED5D006511186288001AB944 /* ScanViewController.h */ = {isa = PBXFileReference; fileEncoding = 4; lastKnownFileType = sourcecode.c.h; path = ScanViewController.h; sourceTree = "<group>"; };
		ED5D006611186288001AB944 /* ScanViewController.m */ = {isa = PBXFileReference; fileEncoding = 4; lastKnownFileType = sourcecode.c.objc; path = ScanViewController.m; sourceTree = "<group>"; };
		ED5D01501119B437001AB944 /* Level.h */ = {isa = PBXFileReference; fileEncoding = 4; lastKnownFileType = sourcecode.c.h; path = Level.h; sourceTree = "<group>"; };
		ED5D01511119B437001AB944 /* Level.m */ = {isa = PBXFileReference; fileEncoding = 4; lastKnownFileType = sourcecode.c.objc; path = Level.m; sourceTree = "<group>"; };
		ED5D015E1119B69D001AB944 /* Macro.h */ = {isa = PBXFileReference; fileEncoding = 4; lastKnownFileType = sourcecode.c.h; path = Macro.h; sourceTree = "<group>"; };
		ED5D01641119BBBD001AB944 /* TouchView.h */ = {isa = PBXFileReference; fileEncoding = 4; lastKnownFileType = sourcecode.c.h; path = TouchView.h; sourceTree = "<group>"; };
		ED5D01651119BBBD001AB944 /* TouchView.m */ = {isa = PBXFileReference; fileEncoding = 4; lastKnownFileType = sourcecode.c.objc; path = TouchView.m; sourceTree = "<group>"; };
/* End PBXFileReference section */

/* Begin PBXFrameworksBuildPhase section */
		1D60588F0D05DD3D006BFB54 /* Frameworks */ = {
			isa = PBXFrameworksBuildPhase;
			buildActionMask = 2147483647;
			files = (
				1D60589F0D05DD5A006BFB54 /* Foundation.framework in Frameworks */,
				1DF5F4E00D08C38300B7A737 /* UIKit.framework in Frameworks */,
				2892E4100DC94CBA00A64D0F /* CoreGraphics.framework in Frameworks */,
				ED212A9F111EF73500BC4FBD /* QuartzCore.framework in Frameworks */,
			);
			runOnlyForDeploymentPostprocessing = 0;
		};
/* End PBXFrameworksBuildPhase section */

/* Begin PBXGroup section */
		080E96DDFE201D6D7F000001 /* Classes */ = {
			isa = PBXGroup;
			children = (
				ED212CC21120526600BC4FBD /* PListReader.h */,
				ED212CC31120526600BC4FBD /* PListReader.m */,
				28C286DF0D94DF7D0034E888 /* RootViewController.h */,
				28C286E00D94DF7D0034E888 /* RootViewController.m */,
				1D3623240D0F684500981E51 /* iScannerAppDelegate.h */,
				1D3623250D0F684500981E51 /* iScannerAppDelegate.m */,
				ED5D006511186288001AB944 /* ScanViewController.h */,
				ED5D006611186288001AB944 /* ScanViewController.m */,
				ED5D01501119B437001AB944 /* Level.h */,
				ED5D01511119B437001AB944 /* Level.m */,
				ED5D015E1119B69D001AB944 /* Macro.h */,
				ED5D01641119BBBD001AB944 /* TouchView.h */,
				ED5D01651119BBBD001AB944 /* TouchView.m */,
				ED212F3C1121786500BC4FBD /* CutView.h */,
				ED212F3D1121786500BC4FBD /* CutView.m */,
			);
			path = Classes;
			sourceTree = "<group>";
		};
		19C28FACFE9D520D11CA2CBB /* Products */ = {
			isa = PBXGroup;
			children = (
				1D6058910D05DD3D006BFB54 /* iScanner.app */,
			);
			name = Products;
			sourceTree = "<group>";
		};
		29B97314FDCFA39411CA2CEA /* CustomTemplate */ = {
			isa = PBXGroup;
			children = (
				080E96DDFE201D6D7F000001 /* Classes */,
				29B97315FDCFA39411CA2CEA /* Other Sources */,
				29B97317FDCFA39411CA2CEA /* Resources */,
				29B97323FDCFA39411CA2CEA /* Frameworks */,
				19C28FACFE9D520D11CA2CBB /* Products */,
			);
			name = CustomTemplate;
			sourceTree = "<group>";
		};
		29B97315FDCFA39411CA2CEA /* Other Sources */ = {
			isa = PBXGroup;
			children = (
				28A0AAE50D9B0CCF005BE974 /* iScanner_Prefix.pch */,
				29B97316FDCFA39411CA2CEA /* main.m */,
			);
			name = "Other Sources";
			sourceTree = "<group>";
		};
		29B97317FDCFA39411CA2CEA /* Resources */ = {
			isa = PBXGroup;
			children = (
				ED212CB31120525600BC4FBD /* resources */,
				ED212C9E1120523300BC4FBD /* images */,
				8D1107310486CEB800E47090 /* iScanner-Info.plist */,
			);
			name = Resources;
			sourceTree = "<group>";
		};
		29B97323FDCFA39411CA2CEA /* Frameworks */ = {
			isa = PBXGroup;
			children = (
				1DF5F4DF0D08C38300B7A737 /* UIKit.framework */,
				1D30AB110D05D00D00671497 /* Foundation.framework */,
				2892E40F0DC94CBA00A64D0F /* CoreGraphics.framework */,
				ED212A9E111EF73500BC4FBD /* QuartzCore.framework */,
			);
			name = Frameworks;
			sourceTree = "<group>";
		};
		ED212C9E1120523300BC4FBD /* images */ = {
			isa = PBXGroup;
			children = (
				ED212CB11120524B00BC4FBD /* cut_sector.png */,
				ED212C9F1120523300BC4FBD /* 10_cut_radial.png */,
				ED212CA01120523300BC4FBD /* 10_cut_static.png */,
				ED212CA11120523300BC4FBD /* 5_cut_radial.png */,
				ED212CA21120523300BC4FBD /* 5_cut_static.png */,
				ED212CA31120523300BC4FBD /* A.png */,
				ED212CA41120523300BC4FBD /* A_m.png */,
				ED212CA51120523300BC4FBD /* inf.png */,
				ED212CA61120523300BC4FBD /* V.png */,
				ED212CA71120523300BC4FBD /* Z.png */,
			);
			path = images;
			sourceTree = "<group>";
		};
		ED212CB31120525600BC4FBD /* resources */ = {
			isa = PBXGroup;
			children = (
				ED212CB41120525600BC4FBD /* BasicLevelPack.plist */,
				ED212CB61120525600BC4FBD /* Levels.plist */,
				ED212CB81120525600BC4FBD /* MainWindow.xib */,
				ED212CB91120525600BC4FBD /* RootViewController.xib */,
				ED212CBC1120525600BC4FBD /* ScanViewController.xib */,
			);
			path = resources;
			sourceTree = "<group>";
		};
/* End PBXGroup section */

/* Begin PBXNativeTarget section */
		1D6058900D05DD3D006BFB54 /* iScanner */ = {
			isa = PBXNativeTarget;
			buildConfigurationList = 1D6058960D05DD3E006BFB54 /* Build configuration list for PBXNativeTarget "iScanner" */;
			buildPhases = (
				1D60588D0D05DD3D006BFB54 /* Resources */,
				1D60588E0D05DD3D006BFB54 /* Sources */,
				1D60588F0D05DD3D006BFB54 /* Frameworks */,
			);
			buildRules = (
			);
			dependencies = (
			);
			name = iScanner;
			productName = iScanner;
			productReference = 1D6058910D05DD3D006BFB54 /* iScanner.app */;
			productType = "com.apple.product-type.application";
		};
/* End PBXNativeTarget section */

/* Begin PBXProject section */
		29B97313FDCFA39411CA2CEA /* Project object */ = {
			isa = PBXProject;
			buildConfigurationList = C01FCF4E08A954540054247B /* Build configuration list for PBXProject "iScanner" */;
			compatibilityVersion = "Xcode 3.1";
			hasScannedForEncodings = 1;
			knownRegions = (
				English,
				Japanese,
				French,
				German,
				en,
				ru,
			);
			mainGroup = 29B97314FDCFA39411CA2CEA /* CustomTemplate */;
			projectDirPath = "";
			projectRoot = "";
			targets = (
				1D6058900D05DD3D006BFB54 /* iScanner */,
			);
		};
/* End PBXProject section */

/* Begin PBXResourcesBuildPhase section */
		1D60588D0D05DD3D006BFB54 /* Resources */ = {
			isa = PBXResourcesBuildPhase;
			buildActionMask = 2147483647;
			files = (
				ED212CA81120523300BC4FBD /* 10_cut_radial.png in Resources */,
				ED212CA91120523300BC4FBD /* 10_cut_static.png in Resources */,
				ED212CAA1120523300BC4FBD /* 5_cut_radial.png in Resources */,
				ED212CAB1120523300BC4FBD /* 5_cut_static.png in Resources */,
				ED212CAC1120523300BC4FBD /* A.png in Resources */,
				ED212CAD1120523300BC4FBD /* A_m.png in Resources */,
				ED212CAE1120523300BC4FBD /* inf.png in Resources */,
				ED212CAF1120523300BC4FBD /* V.png in Resources */,
				ED212CB01120523300BC4FBD /* Z.png in Resources */,
				ED212CB21120524B00BC4FBD /* cut_sector.png in Resources */,
				ED212CBD1120525600BC4FBD /* BasicLevelPack.plist in Resources */,
				ED212CBE1120525600BC4FBD /* Levels.plist in Resources */,
				ED212CBF1120525600BC4FBD /* MainWindow.xib in Resources */,
				ED212CC01120525600BC4FBD /* RootViewController.xib in Resources */,
				ED212CC11120525600BC4FBD /* ScanViewController.xib in Resources */,
			);
			runOnlyForDeploymentPostprocessing = 0;
		};
/* End PBXResourcesBuildPhase section */

/* Begin PBXSourcesBuildPhase section */
		1D60588E0D05DD3D006BFB54 /* Sources */ = {
			isa = PBXSourcesBuildPhase;
			buildActionMask = 2147483647;
			files = (
				1D60589B0D05DD56006BFB54 /* main.m in Sources */,
				1D3623260D0F684500981E51 /* iScannerAppDelegate.m in Sources */,
				28C286E10D94DF7D0034E888 /* RootViewController.m in Sources */,
				ED5D006811186288001AB944 /* ScanViewController.m in Sources */,
				ED5D01521119B437001AB944 /* Level.m in Sources */,
				ED5D01661119BBBD001AB944 /* TouchView.m in Sources */,
				ED212CC41120526600BC4FBD /* PListReader.m in Sources */,
				ED212F3E1121786500BC4FBD /* CutView.m in Sources */,
			);
			runOnlyForDeploymentPostprocessing = 0;
		};
/* End PBXSourcesBuildPhase section */

/* Begin PBXVariantGroup section */
		ED212CB41120525600BC4FBD /* BasicLevelPack.plist */ = {
			isa = PBXVariantGroup;
			children = (
				ED212CB51120525600BC4FBD /* en */,
				ED212CBA1120525600BC4FBD /* ru */,
			);
			name = BasicLevelPack.plist;
			sourceTree = "<group>";
		};
		ED212CB61120525600BC4FBD /* Levels.plist */ = {
			isa = PBXVariantGroup;
			children = (
				ED212CB71120525600BC4FBD /* en */,
				ED212CBB1120525600BC4FBD /* ru */,
			);
			name = Levels.plist;
			sourceTree = "<group>";
		};
/* End PBXVariantGroup section */

/* Begin XCBuildConfiguration section */
		1D6058940D05DD3E006BFB54 /* Debug */ = {
			isa = XCBuildConfiguration;
			buildSettings = {
				ALWAYS_SEARCH_USER_PATHS = NO;
				COPY_PHASE_STRIP = NO;
				GCC_DYNAMIC_NO_PIC = NO;
				GCC_OPTIMIZATION_LEVEL = 0;
				GCC_PRECOMPILE_PREFIX_HEADER = YES;
				GCC_PREFIX_HEADER = iScanner_Prefix.pch;
				INFOPLIST_FILE = "iScanner-Info.plist";
				PRODUCT_NAME = iScanner;
			};
			name = Debug;
		};
		1D6058950D05DD3E006BFB54 /* Release */ = {
			isa = XCBuildConfiguration;
			buildSettings = {
				ALWAYS_SEARCH_USER_PATHS = NO;
				COPY_PHASE_STRIP = YES;
				GCC_PRECOMPILE_PREFIX_HEADER = YES;
				GCC_PREFIX_HEADER = iScanner_Prefix.pch;
				INFOPLIST_FILE = "iScanner-Info.plist";
				PRODUCT_NAME = iScanner;
			};
			name = Release;
		};
		C01FCF4F08A954540054247B /* Debug */ = {
			isa = XCBuildConfiguration;
			buildSettings = {
				ARCHS = "$(ARCHS_STANDARD_32_BIT)";
				"CODE_SIGN_IDENTITY[sdk=iphoneos*]" = "iPhone Developer";
				GCC_C_LANGUAGE_STANDARD = c99;
				GCC_WARN_ABOUT_RETURN_TYPE = YES;
				GCC_WARN_UNUSED_VARIABLE = YES;
				PREBINDING = NO;
				SDKROOT = iphoneos3.1.2;
			};
			name = Debug;
		};
		C01FCF5008A954540054247B /* Release */ = {
			isa = XCBuildConfiguration;
			buildSettings = {
				ARCHS = "$(ARCHS_STANDARD_32_BIT)";
				"CODE_SIGN_IDENTITY[sdk=iphoneos*]" = "iPhone Developer";
				GCC_C_LANGUAGE_STANDARD = c99;
				GCC_WARN_ABOUT_RETURN_TYPE = YES;
				GCC_WARN_UNUSED_VARIABLE = YES;
				PREBINDING = NO;
				SDKROOT = iphoneos3.1.2;
			};
			name = Release;
		};
/* End XCBuildConfiguration section */

/* Begin XCConfigurationList section */
		1D6058960D05DD3E006BFB54 /* Build configuration list for PBXNativeTarget "iScanner" */ = {
			isa = XCConfigurationList;
			buildConfigurations = (
				1D6058940D05DD3E006BFB54 /* Debug */,
				1D6058950D05DD3E006BFB54 /* Release */,
			);
			defaultConfigurationIsVisible = 0;
			defaultConfigurationName = Release;
		};
		C01FCF4E08A954540054247B /* Build configuration list for PBXProject "iScanner" */ = {
			isa = XCConfigurationList;
			buildConfigurations = (
				C01FCF4F08A954540054247B /* Debug */,
				C01FCF5008A954540054247B /* Release */,
			);
			defaultConfigurationIsVisible = 0;
			defaultConfigurationName = Release;
		};
/* End XCConfigurationList section */
	};
	rootObject = 29B97313FDCFA39411CA2CEA /* Project object */;
}
